
Microsoft Visual Studio Solution File, Format Version 12.00
# Visual Studio 15
VisualStudioVersion = 15.0.27703.2026
MinimumVisualStudioVersion = 10.0.40219.1
Project("{FAE04EC0-301F-11D3-BF4B-00C04F79EFBC}") = "vidly alike", "vidly alike\vidly alike.csproj", "{EC519E29-4098-4A2B-9839-CE025542AAD0}"
EndProject
Global
	GlobalSection(SolutionConfigurationPlatforms) = preSolution
		Debug|Any CPU = Debug|Any CPU
		Release|Any CPU = Release|Any CPU
	EndGlobalSection
	GlobalSection(ProjectConfigurationPlatforms) = postSolution
		{EC519E29-4098-4A2B-9839-CE025542AAD0}.Debug|Any CPU.ActiveCfg = Debug|Any CPU
		{EC519E29-4098-4A2B-9839-CE025542AAD0}.Debug|Any CPU.Build.0 = Debug|Any CPU
		{EC519E29-4098-4A2B-9839-CE025542AAD0}.Release|Any CPU.ActiveCfg = Release|Any CPU
		{EC519E29-4098-4A2B-9839-CE025542AAD0}.Release|Any CPU.Build.0 = Release|Any CPU
	EndGlobalSection
	GlobalSection(SolutionProperties) = preSolution
		HideSolutionNode = FALSE
	EndGlobalSection
	GlobalSection(ExtensibilityGlobals) = postSolution
		SolutionGuid = {2523529C-546E-48B8-A09F-7357FA144B01}
	EndGlobalSection
EndGlobal
